
Microsoft Visual Studio Solution File, Format Version 12.00
# Visual Studio Version 16
VisualStudioVersion = 16.0.31410.357
MinimumVisualStudioVersion = 10.0.40219.1
Project("{FAE04EC0-301F-11D3-BF4B-00C04F79EFBC}") = "vb2018", "vb2018\vb2018.csproj", "{92C7CEEA-A13E-4651-AD62-BB7F07925614}"
EndProject
Global
	GlobalSection(SolutionConfigurationPlatforms) = preSolution
		Debug|Any CPU = Debug|Any CPU
		Release|Any CPU = Release|Any CPU
	EndGlobalSection
	GlobalSection(ProjectConfigurationPlatforms) = postSolution
		{92C7CEEA-A13E-4651-AD62-BB7F07925614}.Debug|Any CPU.ActiveCfg = Debug|Any CPU
		{92C7CEEA-A13E-4651-AD62-BB7F07925614}.Debug|Any CPU.Build.0 = Debug|Any CPU
		{92C7CEEA-A13E-4651-AD62-BB7F07925614}.Release|Any CPU.ActiveCfg = Release|Any CPU
		{92C7CEEA-A13E-4651-AD62-BB7F07925614}.Release|Any CPU.Build.0 = Release|Any CPU
	EndGlobalSection
	GlobalSection(SolutionProperties) = preSolution
		HideSolutionNode = FALSE
	EndGlobalSection
	GlobalSection(ExtensibilityGlobals) = postSolution
		SolutionGuid = {8F28854C-965A-4829-92EC-70774C64A126}
	EndGlobalSection
EndGlobal
